
Microsoft Visual Studio Solution File, Format Version 12.00
# Visual Studio Version 17
VisualStudioVersion = 17.0.32014.148
MinimumVisualStudioVersion = 10.0.40219.1
Project("{9A19103F-16F7-4668-BE54-9A1E7A4F7556}") = "Aspiradora.WebAssembly", "Aspiradora.WebAssembly\Aspiradora.WebAssembly.csproj", "{E11CF0B7-AF0E-4B23-A7AF-9EF30CBA4C0F}"
EndProject
Project("{9A19103F-16F7-4668-BE54-9A1E7A4F7556}") = "Aspiradora.Core", "Aspiradora.Core\Aspiradora.Core.csproj", "{BB9976BF-D19B-4F4E-88AE-766F104276B0}"
EndProject
Project("{9A19103F-16F7-4668-BE54-9A1E7A4F7556}") = "Aspiradora.Web", "Aspiradora.Web\Aspiradora.Web.csproj", "{EDE0FA6B-D486-4AB7-B930-56DA6CFB98C5}"
EndProject
Global
	GlobalSection(SolutionConfigurationPlatforms) = preSolution
		Debug|Any CPU = Debug|Any CPU
		Release|Any CPU = Release|Any CPU
	EndGlobalSection
	GlobalSection(ProjectConfigurationPlatforms) = postSolution
		{E11CF0B7-AF0E-4B23-A7AF-9EF30CBA4C0F}.Debug|Any CPU.ActiveCfg = Debug|Any CPU
		{E11CF0B7-AF0E-4B23-A7AF-9EF30CBA4C0F}.Debug|Any CPU.Build.0 = Debug|Any CPU
		{E11CF0B7-AF0E-4B23-A7AF-9EF30CBA4C0F}.Release|Any CPU.ActiveCfg = Release|Any CPU
		{E11CF0B7-AF0E-4B23-A7AF-9EF30CBA4C0F}.Release|Any CPU.Build.0 = Release|Any CPU
		{BB9976BF-D19B-4F4E-88AE-766F104276B0}.Debug|Any CPU.ActiveCfg = Debug|Any CPU
		{BB9976BF-D19B-4F4E-88AE-766F104276B0}.Debug|Any CPU.Build.0 = Debug|Any CPU
		{BB9976BF-D19B-4F4E-88AE-766F104276B0}.Release|Any CPU.ActiveCfg = Release|Any CPU
		{BB9976BF-D19B-4F4E-88AE-766F104276B0}.Release|Any CPU.Build.0 = Release|Any CPU
		{EDE0FA6B-D486-4AB7-B930-56DA6CFB98C5}.Debug|Any CPU.ActiveCfg = Debug|Any CPU
		{EDE0FA6B-D486-4AB7-B930-56DA6CFB98C5}.Debug|Any CPU.Build.0 = Debug|Any CPU
		{EDE0FA6B-D486-4AB7-B930-56DA6CFB98C5}.Release|Any CPU.ActiveCfg = Release|Any CPU
		{EDE0FA6B-D486-4AB7-B930-56DA6CFB98C5}.Release|Any CPU.Build.0 = Release|Any CPU
	EndGlobalSection
	GlobalSection(SolutionProperties) = preSolution
		HideSolutionNode = FALSE
	EndGlobalSection
	GlobalSection(ExtensibilityGlobals) = postSolution
		SolutionGuid = {7623ED49-98CF-4B8A-BC3E-2EC52EC76563}
	EndGlobalSection
EndGlobal
